Microsoft Visual Studio Solution File, Format Version 12.00
# Visual Studio Version 17
VisualStudioVersion = 17.5.2.0
MinimumVisualStudioVersion = 10.0.40219.1
Project("{2150E333-8FDC-42A3-9474-1A3956D46DE8}") = "server", "server", "{DAD03CFC-D5FA-AC94-41C7-9ABAB326F09E}"
EndProject
Project("{FAE04EC0-301F-11D3-BF4B-00C04F79EFBC}") = "TaagBack.Tests", "server\TaagBack.Tests\TaagBack.Tests.csproj", "{01D04F23-0F3C-F321-D3CA-27B045AF107A}"
EndProject
Project("{FAE04EC0-301F-11D3-BF4B-00C04F79EFBC}") = "TaagBack.Api", "server\TaagBack.Api\TaagBack.Api.csproj", "{984BA43D-A6AB-7088-DA42-64F3A3BACCB7}"
EndProject
Global
	GlobalSection(SolutionConfigurationPlatforms) = preSolution
		Debug|Any CPU = Debug|Any CPU
		Release|Any CPU = Release|Any CPU
	EndGlobalSection
	GlobalSection(ProjectConfigurationPlatforms) = postSolution
		{01D04F23-0F3C-F321-D3CA-27B045AF107A}.Debug|Any CPU.ActiveCfg = Debug|Any CPU
		{01D04F23-0F3C-F321-D3CA-27B045AF107A}.Debug|Any CPU.Build.0 = Debug|Any CPU
		{01D04F23-0F3C-F321-D3CA-27B045AF107A}.Release|Any CPU.ActiveCfg = Release|Any CPU
		{01D04F23-0F3C-F321-D3CA-27B045AF107A}.Release|Any CPU.Build.0 = Release|Any CPU
		{984BA43D-A6AB-7088-DA42-64F3A3BACCB7}.Debug|Any CPU.ActiveCfg = Debug|Any CPU
		{984BA43D-A6AB-7088-DA42-64F3A3BACCB7}.Debug|Any CPU.Build.0 = Debug|Any CPU
		{984BA43D-A6AB-7088-DA42-64F3A3BACCB7}.Release|Any CPU.ActiveCfg = Release|Any CPU
		{984BA43D-A6AB-7088-DA42-64F3A3BACCB7}.Release|Any CPU.Build.0 = Release|Any CPU
	EndGlobalSection
	GlobalSection(SolutionProperties) = preSolution
		HideSolutionNode = FALSE
	EndGlobalSection
	GlobalSection(NestedProjects) = preSolution
		{01D04F23-0F3C-F321-D3CA-27B045AF107A} = {DAD03CFC-D5FA-AC94-41C7-9ABAB326F09E}
		{984BA43D-A6AB-7088-DA42-64F3A3BACCB7} = {DAD03CFC-D5FA-AC94-41C7-9ABAB326F09E}
	EndGlobalSection
	GlobalSection(ExtensibilityGlobals) = postSolution
		SolutionGuid = {83BFF137-D03E-4A5B-B353-1BC63AD5D59A}
	EndGlobalSection
EndGlobal
